
Microsoft Visual Studio Solution File, Format Version 12.00
# Visual Studio Version 17
VisualStudioVersion = 17.11.35312.102
MinimumVisualStudioVersion = 10.0.40219.1
Project("{FAE04EC0-301F-11D3-BF4B-00C04F79EFBC}") = "wGestionReservasHotel", "wGestionReservasHotel.csproj", "{A058E6F6-365E-4B9E-A387-07DE3370A5D5}"
EndProject
Global
	GlobalSection(SolutionConfigurationPlatforms) = preSolution
		Debug|Any CPU = Debug|Any CPU
		Release|Any CPU = Release|Any CPU
	EndGlobalSection
	GlobalSection(ProjectConfigurationPlatforms) = postSolution
		{A058E6F6-365E-4B9E-A387-07DE3370A5D5}.Debug|Any CPU.ActiveCfg = Debug|Any CPU
		{A058E6F6-365E-4B9E-A387-07DE3370A5D5}.Debug|Any CPU.Build.0 = Debug|Any CPU
		{A058E6F6-365E-4B9E-A387-07DE3370A5D5}.Release|Any CPU.ActiveCfg = Release|Any CPU
		{A058E6F6-365E-4B9E-A387-07DE3370A5D5}.Release|Any CPU.Build.0 = Release|Any CPU
	EndGlobalSection
	GlobalSection(SolutionProperties) = preSolution
		HideSolutionNode = FALSE
	EndGlobalSection
	GlobalSection(ExtensibilityGlobals) = postSolution
		SolutionGuid = {20663CF7-5DF6-47C3-AEFE-FA0C7DE41108}
	EndGlobalSection
EndGlobal
